
Microsoft Visual Studio Solution File, Format Version 12.00
# Visual Studio Version 16
VisualStudioVersion = 25.0.1706.1
MinimumVisualStudioVersion = 10.0.40219.1
Project("{FAE04EC0-301F-11D3-BF4B-00C04F79EFBC}") = "WebApi", "ClaroDomTest\WebApi.csproj", "{3AE1C92D-E962-4748-8952-BD46F559131A}"
EndProject
Global
	GlobalSection(SolutionConfigurationPlatforms) = preSolution
		Debug|Any CPU = Debug|Any CPU
		Release|Any CPU = Release|Any CPU
	EndGlobalSection
	GlobalSection(ProjectConfigurationPlatforms) = postSolution
		{3AE1C92D-E962-4748-8952-BD46F559131A}.Debug|Any CPU.ActiveCfg = Debug|Any CPU
		{3AE1C92D-E962-4748-8952-BD46F559131A}.Debug|Any CPU.Build.0 = Debug|Any CPU
		{3AE1C92D-E962-4748-8952-BD46F559131A}.Release|Any CPU.ActiveCfg = Release|Any CPU
		{3AE1C92D-E962-4748-8952-BD46F559131A}.Release|Any CPU.Build.0 = Release|Any CPU
	EndGlobalSection
	GlobalSection(SolutionProperties) = preSolution
		HideSolutionNode = FALSE
	EndGlobalSection
	GlobalSection(ExtensibilityGlobals) = postSolution
		SolutionGuid = {13B73602-0965-4EF2-820E-BC9B2E3417D6}
	EndGlobalSection
EndGlobal
